
Microsoft Visual Studio Solution File, Format Version 12.00
# Visual Studio Version 16
VisualStudioVersion = 16.0.29230.47
MinimumVisualStudioVersion = 10.0.40219.1
Project("{FAE04EC0-301F-11D3-BF4B-00C04F79EFBC}") = "FileToDBProgram", "FileToDBProgram\FileToDBProgram.csproj", "{CDB15432-7960-4A2B-8E71-0B4C5845D576}"
EndProject
Global
	GlobalSection(SolutionConfigurationPlatforms) = preSolution
		Debug|Any CPU = Debug|Any CPU
		Release|Any CPU = Release|Any CPU
	EndGlobalSection
	GlobalSection(ProjectConfigurationPlatforms) = postSolution
		{CDB15432-7960-4A2B-8E71-0B4C5845D576}.Debug|Any CPU.ActiveCfg = Debug|Any CPU
		{CDB15432-7960-4A2B-8E71-0B4C5845D576}.Debug|Any CPU.Build.0 = Debug|Any CPU
		{CDB15432-7960-4A2B-8E71-0B4C5845D576}.Release|Any CPU.ActiveCfg = Release|Any CPU
		{CDB15432-7960-4A2B-8E71-0B4C5845D576}.Release|Any CPU.Build.0 = Release|Any CPU
	EndGlobalSection
	GlobalSection(SolutionProperties) = preSolution
		HideSolutionNode = FALSE
	EndGlobalSection
	GlobalSection(ExtensibilityGlobals) = postSolution
		SolutionGuid = {2167911B-A736-4AFB-8D0E-B4EA274A697F}
	EndGlobalSection
EndGlobal
